// !$*UTF8*$!
{
	archiveVersion = 1;
	classes = {
	};
	objectVersion = 77;
	objects = {

/* Begin PBXContainerItemProxy section */
		312E0E652D9037F7008C551C /* PBXContainerItemProxy */ = {
			isa = PBXContainerItemProxy;
			containerPortal = 312E0E4C2D9037F7008C551C /* Project object */;
			proxyType = 1;
			remoteGlobalIDString = 312E0E532D9037F7008C551C;
			remoteInfo = ShotSmarts;
		};
		312E0E6F2D9037F7008C551C /* PBXContainerItemProxy */ = {
			isa = PBXContainerItemProxy;
			containerPortal = 312E0E4C2D9037F7008C551C /* Project object */;
			proxyType = 1;
			remoteGlobalIDString = 312E0E532D9037F7008C551C;
			remoteInfo = ShotSmarts;
		};
/* End PBXContainerItemProxy section */

/* Begin PBXFileReference section */
		312E0E542D9037F7008C551C /* ShotSmarts.app */ = {isa = PBXFileReference; explicitFileType = wrapper.application; includeInIndex = 0; path = ShotSmarts.app; sourceTree = BUILT_PRODUCTS_DIR; };
		312E0E642D9037F7008C551C /* ShotSmartsTests.xctest */ = {isa = PBXFileReference; explicitFileType = wrapper.cfbundle; includeInIndex = 0; path = ShotSmartsTests.xctest; sourceTree = BUILT_PRODUCTS_DIR; };
		312E0E6E2D9037F7008C551C /* ShotSmartsUITests.xctest */ = {isa = PBXFileReference; explicitFileType = wrapper.cfbundle; includeInIndex = 0; path = ShotSmartsUITests.xctest; sourceTree = BUILT_PRODUCTS_DIR; };
/* End PBXFileReference section */

/* Begin PBXFileSystemSynchronizedRootGroup section */
		312E0E562D9037F7008C551C /* ShotSmarts */ = {
			isa = PBXFileSystemSynchronizedRootGroup;
			path = ShotSmarts;
			sourceTree = "<group>";
		};
		312E0E672D9037F7008C551C /* ShotSmartsTests */ = {
			isa = PBXFileSystemSynchronizedRootGroup;
			path = ShotSmartsTests;
			sourceTree = "<group>";
		};
		312E0E712D9037F7008C551C /* ShotSmartsUITests */ = {
			isa = PBXFileSystemSynchronizedRootGroup;
			path = ShotSmartsUITests;
			sourceTree = "<group>";
		};
/* End PBXFileSystemSynchronizedRootGroup section */

/* Begin PBXFrameworksBuildPhase section */
		312E0E512D9037F7008C551C /* Frameworks */ = {
			isa = PBXFrameworksBuildPhase;
			buildActionMask = 2147483647;
			files = (
			);
			runOnlyForDeploymentPostprocessing = 0;
		};
		312E0E612D9037F7008C551C /* Frameworks */ = {
			isa = PBXFrameworksBuildPhase;
			buildActionMask = 2147483647;
			files = (
			);
			runOnlyForDeploymentPostprocessing = 0;
		};
		312E0E6B2D9037F7008C551C /* Frameworks */ = {
			isa = PBXFrameworksBuildPhase;
			buildActionMask = 2147483647;
			files = (
			);
			runOnlyForDeploymentPostprocessing = 0;
		};
/* End PBXFrameworksBuildPhase section */

/* Begin PBXGroup section */
		312E0E4B2D9037F7008C551C = {
			isa = PBXGroup;
			children = (
				312E0E562D9037F7008C551C /* ShotSmarts */,
				312E0E672D9037F7008C551C /* ShotSmartsTests */,
				312E0E712D9037F7008C551C /* ShotSmartsUITests */,
				312E0E552D9037F7008C551C /* Products */,
			);
			sourceTree = "<group>";
		};
		312E0E552D9037F7008C551C /* Products */ = {
			isa = PBXGroup;
			children = (
				312E0E542D9037F7008C551C /* ShotSmarts.app */,
				312E0E642D9037F7008C551C /* ShotSmartsTests.xctest */,
				312E0E6E2D9037F7008C551C /* ShotSmartsUITests.xctest */,
			);
			name = Products;
			sourceTree = "<group>";
		};
/* End PBXGroup section */

/* Begin PBXNativeTarget section */
		312E0E532D9037F7008C551C /* ShotSmarts */ = {
			isa = PBXNativeTarget;
			buildConfigurationList = 312E0E782D9037F7008C551C /* Build configuration list for PBXNativeTarget "ShotSmarts" */;
			buildPhases = (
				312E0E502D9037F7008C551C /* Sources */,
				312E0E512D9037F7008C551C /* Frameworks */,
				312E0E522D9037F7008C551C /* Resources */,
			);
			buildRules = (
			);
			dependencies = (
			);
			fileSystemSynchronizedGroups = (
				312E0E562D9037F7008C551C /* ShotSmarts */,
			);
			name = ShotSmarts;
			packageProductDependencies = (
			);
			productName = ShotSmarts;
			productReference = 312E0E542D9037F7008C551C /* ShotSmarts.app */;
			productType = "com.apple.product-type.application";
		};
		312E0E632D9037F7008C551C /* ShotSmartsTests */ = {
			isa = PBXNativeTarget;
			buildConfigurationList = 312E0E7B2D9037F7008C551C /* Build configuration list for PBXNativeTarget "ShotSmartsTests" */;
			buildPhases = (
				312E0E602D9037F7008C551C /* Sources */,
				312E0E612D9037F7008C551C /* Frameworks */,
				312E0E622D9037F7008C551C /* Resources */,
			);
			buildRules = (
			);
			dependencies = (
				312E0E662D9037F7008C551C /* PBXTargetDependency */,
			);
			fileSystemSynchronizedGroups = (
				312E0E672D9037F7008C551C /* ShotSmartsTests */,
			);
			name = ShotSmartsTests;
			packageProductDependencies = (
			);
			productName = ShotSmartsTests;
			productReference = 312E0E642D9037F7008C551C /* ShotSmartsTests.xctest */;
			productType = "com.apple.product-type.bundle.unit-test";
		};
		312E0E6D2D9037F7008C551C /* ShotSmartsUITests */ = {
			isa = PBXNativeTarget;
			buildConfigurationList = 312E0E7E2D9037F7008C551C /* Build configuration list for PBXNativeTarget "ShotSmartsUITests" */;
			buildPhases = (
				312E0E6A2D9037F7008C551C /* Sources */,
				312E0E6B2D9037F7008C551C /* Frameworks */,
				312E0E6C2D9037F7008C551C /* Resources */,
			);
			buildRules = (
			);
			dependencies = (
				312E0E702D9037F7008C551C /* PBXTargetDependency */,
			);
			fileSystemSynchronizedGroups = (
				312E0E712D9037F7008C551C /* ShotSmartsUITests */,
			);
			name = ShotSmartsUITests;
			packageProductDependencies = (
			);
			productName = ShotSmartsUITests;
			productReference = 312E0E6E2D9037F7008C551C /* ShotSmartsUITests.xctest */;
			productType = "com.apple.product-type.bundle.ui-testing";
		};
/* End PBXNativeTarget section */

/* Begin PBXProject section */
		312E0E4C2D9037F7008C551C /* Project object */ = {
			isa = PBXProject;
			attributes = {
				BuildIndependentTargetsInParallel = 1;
				LastSwiftUpdateCheck = 1620;
				LastUpgradeCheck = 1620;
				TargetAttributes = {
					312E0E532D9037F7008C551C = {
						CreatedOnToolsVersion = 16.2;
					};
					312E0E632D9037F7008C551C = {
						CreatedOnToolsVersion = 16.2;
						TestTargetID = 312E0E532D9037F7008C551C;
					};
					312E0E6D2D9037F7008C551C = {
						CreatedOnToolsVersion = 16.2;
						TestTargetID = 312E0E532D9037F7008C551C;
					};
				};
			};
			buildConfigurationList = 312E0E4F2D9037F7008C551C /* Build configuration list for PBXProject "ShotSmarts" */;
			developmentRegion = en;
			hasScannedForEncodings = 0;
			knownRegions = (
				en,
				Base,
				"zh-Hans",
				ja,
			);
			mainGroup = 312E0E4B2D9037F7008C551C;
			minimizedProjectReferenceProxies = 1;
			preferredProjectObjectVersion = 77;
			productRefGroup = 312E0E552D9037F7008C551C /* Products */;
			projectDirPath = "";
			projectRoot = "";
			targets = (
				312E0E532D9037F7008C551C /* ShotSmarts */,
				312E0E632D9037F7008C551C /* ShotSmartsTests */,
				312E0E6D2D9037F7008C551C /* ShotSmartsUITests */,
			);
		};
/* End PBXProject section */

/* Begin PBXResourcesBuildPhase section */
		312E0E522D9037F7008C551C /* Resources */ = {
			isa = PBXResourcesBuildPhase;
			buildActionMask = 2147483647;
			files = (
			);
			runOnlyForDeploymentPostprocessing = 0;
		};
		312E0E622D9037F7008C551C /* Resources */ = {
			isa = PBXResourcesBuildPhase;
			buildActionMask = 2147483647;
			files = (
			);
			runOnlyForDeploymentPostprocessing = 0;
		};
		312E0E6C2D9037F7008C551C /* Resources */ = {
			isa = PBXResourcesBuildPhase;
			buildActionMask = 2147483647;
			files = (
			);
			runOnlyForDeploymentPostprocessing = 0;
		};
/* End PBXResourcesBuildPhase section */

/* Begin PBXSourcesBuildPhase section */
		312E0E502D9037F7008C551C /* Sources */ = {
			isa = PBXSourcesBuildPhase;
			buildActionMask = 2147483647;
			files = (
			);
			runOnlyForDeploymentPostprocessing = 0;
		};
		312E0E602D9037F7008C551C /* Sources */ = {
			isa = PBXSourcesBuildPhase;
			buildActionMask = 2147483647;
			files = (
			);
			runOnlyForDeploymentPostprocessing = 0;
		};
		312E0E6A2D9037F7008C551C /* Sources */ = {
			isa = PBXSourcesBuildPhase;
			buildActionMask = 2147483647;
			files = (
			);
			runOnlyForDeploymentPostprocessing = 0;
		};
/* End PBXSourcesBuildPhase section */

/* Begin PBXTargetDependency section */
		312E0E662D9037F7008C551C /* PBXTargetDependency */ = {
			isa = PBXTargetDependency;
			target = 312E0E532D9037F7008C551C /* ShotSmarts */;
			targetProxy = 312E0E652D9037F7008C551C /* PBXContainerItemProxy */;
		};
		312E0E702D9037F7008C551C /* PBXTargetDependency */ = {
			isa = PBXTargetDependency;
			target = 312E0E532D9037F7008C551C /* ShotSmarts */;
			targetProxy = 312E0E6F2D9037F7008C551C /* PBXContainerItemProxy */;
		};
/* End PBXTargetDependency section */

/* Begin XCBuildConfiguration section */
		312E0E762D9037F7008C551C /* Debug */ = {
			isa = XCBuildConfiguration;
			buildSettings = {
				ALWAYS_SEARCH_USER_PATHS = NO;
				ASSETCATALOG_COMPILER_GENERATE_SWIFT_ASSET_SYMBOL_EXTENSIONS = YES;
				CLANG_ANALYZER_NONNULL = YES;
				CLANG_ANALYZER_NUMBER_OBJECT_CONVERSION = YES_AGGRESSIVE;
				CLANG_CXX_LANGUAGE_STANDARD = "gnu++20";
				CLANG_ENABLE_MODULES = YES;
				CLANG_ENABLE_OBJC_ARC = YES;
				CLANG_ENABLE_OBJC_WEAK = YES;
				CLANG_WARN_BLOCK_CAPTURE_AUTORELEASING = YES;
				CLANG_WARN_BOOL_CONVERSION = YES;
				CLANG_WARN_COMMA = YES;
				CLANG_WARN_CONSTANT_CONVERSION = YES;
				CLANG_WARN_DEPRECATED_OBJC_IMPLEMENTATIONS = YES;
				CLANG_WARN_DIRECT_OBJC_ISA_USAGE = YES_ERROR;
				CLANG_WARN_DOCUMENTATION_COMMENTS = YES;
				CLANG_WARN_EMPTY_BODY = YES;
				CLANG_WARN_ENUM_CONVERSION = YES;
				CLANG_WARN_INFINITE_RECURSION = YES;
				CLANG_WARN_INT_CONVERSION = YES;
				CLANG_WARN_NON_LITERAL_NULL_CONVERSION = YES;
				CLANG_WARN_OBJC_IMPLICIT_RETAIN_SELF = YES;
				CLANG_WARN_OBJC_LITERAL_CONVERSION = YES;
				CLANG_WARN_OBJC_ROOT_CLASS = YES_ERROR;
				CLANG_WARN_QUOTED_INCLUDE_IN_FRAMEWORK_HEADER = YES;
				CLANG_WARN_RANGE_LOOP_ANALYSIS = YES;
				CLANG_WARN_STRICT_PROTOTYPES = YES;
				CLANG_WARN_SUSPICIOUS_MOVE = YES;
				CLANG_WARN_UNGUARDED_AVAILABILITY = YES_AGGRESSIVE;
				CLANG_WARN_UNREACHABLE_CODE = YES;
				CLANG_WARN__DUPLICATE_METHOD_MATCH = YES;
				COPY_PHASE_STRIP = NO;
				DEBUG_INFORMATION_FORMAT = dwarf;
				ENABLE_STRICT_OBJC_MSGSEND = YES;
				ENABLE_TESTABILITY = YES;
				ENABLE_USER_SCRIPT_SANDBOXING = YES;
				GCC_C_LANGUAGE_STANDARD = gnu17;
				GCC_DYNAMIC_NO_PIC = NO;
				GCC_NO_COMMON_BLOCKS = YES;
				GCC_OPTIMIZATION_LEVEL = 0;
				GCC_PREPROCESSOR_DEFINITIONS = (
					"DEBUG=1",
					"$(inherited)",
				);
				GCC_WARN_64_TO_32_BIT_CONVERSION = YES;
				GCC_WARN_ABOUT_RETURN_TYPE = YES_ERROR;
				GCC_WARN_UNDECLARED_SELECTOR = YES;
				GCC_WARN_UNINITIALIZED_AUTOS = YES_AGGRESSIVE;
				GCC_WARN_UNUSED_FUNCTION = YES;
				GCC_WARN_UNUSED_VARIABLE = YES;
				IPHONEOS_DEPLOYMENT_TARGET = 18.2;
				LOCALIZATION_PREFERS_STRING_CATALOGS = YES;
				MTL_ENABLE_DEBUG_INFO = INCLUDE_SOURCE;
				MTL_FAST_MATH = YES;
				ONLY_ACTIVE_ARCH = YES;
				SDKROOT = iphoneos;
				SWIFT_ACTIVE_COMPILATION_CONDITIONS = "DEBUG $(inherited)";
				SWIFT_OPTIMIZATION_LEVEL = "-Onone";
			};
			name = Debug;
		};
		312E0E772D9037F7008C551C /* Release */ = {
			isa = XCBuildConfiguration;
			buildSettings = {
				ALWAYS_SEARCH_USER_PATHS = NO;
				ASSETCATALOG_COMPILER_GENERATE_SWIFT_ASSET_SYMBOL_EXTENSIONS = YES;
				CLANG_ANALYZER_NONNULL = YES;
				CLANG_ANALYZER_NUMBER_OBJECT_CONVERSION = YES_AGGRESSIVE;
				CLANG_CXX_LANGUAGE_STANDARD = "gnu++20";
				CLANG_ENABLE_MODULES = YES;
				CLANG_ENABLE_OBJC_ARC = YES;
				CLANG_ENABLE_OBJC_WEAK = YES;
				CLANG_WARN_BLOCK_CAPTURE_AUTORELEASING = YES;
				CLANG_WARN_BOOL_CONVERSION = YES;
				CLANG_WARN_COMMA = YES;
				CLANG_WARN_CONSTANT_CONVERSION = YES;
				CLANG_WARN_DEPRECATED_OBJC_IMPLEMENTATIONS = YES;
				CLANG_WARN_DIRECT_OBJC_ISA_USAGE = YES_ERROR;
				CLANG_WARN_DOCUMENTATION_COMMENTS = YES;
				CLANG_WARN_EMPTY_BODY = YES;
				CLANG_WARN_ENUM_CONVERSION = YES;
				CLANG_WARN_INFINITE_RECURSION = YES;
				CLANG_WARN_INT_CONVERSION = YES;
				CLANG_WARN_NON_LITERAL_NULL_CONVERSION = YES;
				CLANG_WARN_OBJC_IMPLICIT_RETAIN_SELF = YES;
				CLANG_WARN_OBJC_LITERAL_CONVERSION = YES;
				CLANG_WARN_OBJC_ROOT_CLASS = YES_ERROR;
				CLANG_WARN_QUOTED_INCLUDE_IN_FRAMEWORK_HEADER = YES;
				CLANG_WARN_RANGE_LOOP_ANALYSIS = YES;
				CLANG_WARN_STRICT_PROTOTYPES = YES;
				CLANG_WARN_SUSPICIOUS_MOVE = YES;
				CLANG_WARN_UNGUARDED_AVAILABILITY = YES_AGGRESSIVE;
				CLANG_WARN_UNREACHABLE_CODE = YES;
				CLANG_WARN__DUPLICATE_METHOD_MATCH = YES;
				COPY_PHASE_STRIP = NO;
				DEBUG_INFORMATION_FORMAT = "dwarf-with-dsym";
				ENABLE_NS_ASSERTIONS = NO;
				ENABLE_STRICT_OBJC_MSGSEND = YES;
				ENABLE_USER_SCRIPT_SANDBOXING = YES;
				GCC_C_LANGUAGE_STANDARD = gnu17;
				GCC_NO_COMMON_BLOCKS = YES;
				GCC_WARN_64_TO_32_BIT_CONVERSION = YES;
				GCC_WARN_ABOUT_RETURN_TYPE = YES_ERROR;
				GCC_WARN_UNDECLARED_SELECTOR = YES;
				GCC_WARN_UNINITIALIZED_AUTOS = YES_AGGRESSIVE;
				GCC_WARN_UNUSED_FUNCTION = YES;
				GCC_WARN_UNUSED_VARIABLE = YES;
				IPHONEOS_DEPLOYMENT_TARGET = 18.2;
				LOCALIZATION_PREFERS_STRING_CATALOGS = YES;
				MTL_ENABLE_DEBUG_INFO = NO;
				MTL_FAST_MATH = YES;
				SDKROOT = iphoneos;
				SWIFT_COMPILATION_MODE = wholemodule;
				VALIDATE_PRODUCT = YES;
			};
			name = Release;
		};
		312E0E792D9037F7008C551C /* Debug */ = {
			isa = XCBuildConfiguration;
			buildSettings = {
				ASSETCATALOG_COMPILER_APPICON_NAME = AppIcon;
				ASSETCATALOG_COMPILER_GLOBAL_ACCENT_COLOR_NAME = AccentColor;
				CODE_SIGN_STYLE = Automatic;
				CURRENT_PROJECT_VERSION = 1;
				DEVELOPMENT_ASSET_PATHS = "\"ShotSmarts/Preview Content\"";
				DEVELOPMENT_TEAM = X87MW8U7XX;
				ENABLE_PREVIEWS = YES;
				GENERATE_INFOPLIST_FILE = YES;
				INFOPLIST_KEY_CFBundleDisplayName = "大师指南";
				INFOPLIST_KEY_LSApplicationCategoryType = "public.app-category.photography";
				INFOPLIST_KEY_UIApplicationSceneManifest_Generation = YES;
				INFOPLIST_KEY_UIApplicationSupportsIndirectInputEvents = YES;
				INFOPLIST_KEY_UILaunchScreen_Generation = YES;
				INFOPLIST_KEY_UISupportedInterfaceOrientations_iPad = "UIInterfaceOrientationPortrait UIInterfaceOrientationPortraitUpsideDown UIInterfaceOrientationLandscapeLeft UIInterfaceOrientationLandscapeRight";
				INFOPLIST_KEY_UISupportedInterfaceOrientations_iPhone = "UIInterfaceOrientationPortrait UIInterfaceOrientationLandscapeLeft UIInterfaceOrientationLandscapeRight";
				LD_RUNPATH_SEARCH_PATHS = (
					"$(inherited)",
					"@executable_path/Frameworks",
				);
				MARKETING_VERSION = 1.0;
				PRODUCT_BUNDLE_IDENTIFIER = AO.ShotSmarts;
				PRODUCT_NAME = "$(TARGET_NAME)";
				SWIFT_EMIT_LOC_STRINGS = YES;
				SWIFT_VERSION = 5.0;
				TARGETED_DEVICE_FAMILY = "1,2";
			};
			name = Debug;
		};
		312E0E7A2D9037F7008C551C /* Release */ = {
			isa = XCBuildConfiguration;
			buildSettings = {
				ASSETCATALOG_COMPILER_APPICON_NAME = AppIcon;
				ASSETCATALOG_COMPILER_GLOBAL_ACCENT_COLOR_NAME = AccentColor;
				CODE_SIGN_STYLE = Automatic;
				CURRENT_PROJECT_VERSION = 1;
				DEVELOPMENT_ASSET_PATHS = "\"ShotSmarts/Preview Content\"";
				DEVELOPMENT_TEAM = X87MW8U7XX;
				ENABLE_PREVIEWS = YES;
				GENERATE_INFOPLIST_FILE = YES;
				INFOPLIST_KEY_CFBundleDisplayName = "大师指南";
				INFOPLIST_KEY_LSApplicationCategoryType = "public.app-category.photography";
				INFOPLIST_KEY_UIApplicationSceneManifest_Generation = YES;
				INFOPLIST_KEY_UIApplicationSupportsIndirectInputEvents = YES;
				INFOPLIST_KEY_UILaunchScreen_Generation = YES;
				INFOPLIST_KEY_UISupportedInterfaceOrientations_iPad = "UIInterfaceOrientationPortrait UIInterfaceOrientationPortraitUpsideDown UIInterfaceOrientationLandscapeLeft UIInterfaceOrientationLandscapeRight";
				INFOPLIST_KEY_UISupportedInterfaceOrientations_iPhone = "UIInterfaceOrientationPortrait UIInterfaceOrientationLandscapeLeft UIInterfaceOrientationLandscapeRight";
				LD_RUNPATH_SEARCH_PATHS = (
					"$(inherited)",
					"@executable_path/Frameworks",
				);
				MARKETING_VERSION = 1.0;
				PRODUCT_BUNDLE_IDENTIFIER = AO.ShotSmarts;
				PRODUCT_NAME = "$(TARGET_NAME)";
				SWIFT_EMIT_LOC_STRINGS = YES;
				SWIFT_VERSION = 5.0;
				TARGETED_DEVICE_FAMILY = "1,2";
			};
			name = Release;
		};
		312E0E7C2D9037F7008C551C /* Debug */ = {
			isa = XCBuildConfiguration;
			buildSettings = {
				BUNDLE_LOADER = "$(TEST_HOST)";
				CODE_SIGN_STYLE = Automatic;
				CURRENT_PROJECT_VERSION = 1;
				DEVELOPMENT_TEAM = 2TLQNR279L;
				GENERATE_INFOPLIST_FILE = YES;
				IPHONEOS_DEPLOYMENT_TARGET = 18.2;
				MARKETING_VERSION = 1.0;
				PRODUCT_BUNDLE_IDENTIFIER = AO.ShotSmartsTests;
				PRODUCT_NAME = "$(TARGET_NAME)";
				SWIFT_EMIT_LOC_STRINGS = NO;
				SWIFT_VERSION = 5.0;
				TARGETED_DEVICE_FAMILY = "1,2";
				TEST_HOST = "$(BUILT_PRODUCTS_DIR)/ShotSmarts.app/$(BUNDLE_EXECUTABLE_FOLDER_PATH)/ShotSmarts";
			};
			name = Debug;
		};
		312E0E7D2D9037F7008C551C /* Release */ = {
			isa = XCBuildConfiguration;
			buildSettings = {
				BUNDLE_LOADER = "$(TEST_HOST)";
				CODE_SIGN_STYLE = Automatic;
				CURRENT_PROJECT_VERSION = 1;
				DEVELOPMENT_TEAM = 2TLQNR279L;
				GENERATE_INFOPLIST_FILE = YES;
				IPHONEOS_DEPLOYMENT_TARGET = 18.2;
				MARKETING_VERSION = 1.0;
				PRODUCT_BUNDLE_IDENTIFIER = AO.ShotSmartsTests;
				PRODUCT_NAME = "$(TARGET_NAME)";
				SWIFT_EMIT_LOC_STRINGS = NO;
				SWIFT_VERSION = 5.0;
				TARGETED_DEVICE_FAMILY = "1,2";
				TEST_HOST = "$(BUILT_PRODUCTS_DIR)/ShotSmarts.app/$(BUNDLE_EXECUTABLE_FOLDER_PATH)/ShotSmarts";
			};
			name = Release;
		};
		312E0E7F2D9037F7008C551C /* Debug */ = {
			isa = XCBuildConfiguration;
			buildSettings = {
				CODE_SIGN_STYLE = Automatic;
				CURRENT_PROJECT_VERSION = 1;
				DEVELOPMENT_TEAM = 2TLQNR279L;
				GENERATE_INFOPLIST_FILE = YES;
				MARKETING_VERSION = 1.0;
				PRODUCT_BUNDLE_IDENTIFIER = AO.ShotSmartsUITests;
				PRODUCT_NAME = "$(TARGET_NAME)";
				SWIFT_EMIT_LOC_STRINGS = NO;
				SWIFT_VERSION = 5.0;
				TARGETED_DEVICE_FAMILY = "1,2";
				TEST_TARGET_NAME = ShotSmarts;
			};
			name = Debug;
		};
		312E0E802D9037F7008C551C /* Release */ = {
			isa = XCBuildConfiguration;
			buildSettings = {
				CODE_SIGN_STYLE = Automatic;
				CURRENT_PROJECT_VERSION = 1;
				DEVELOPMENT_TEAM = 2TLQNR279L;
				GENERATE_INFOPLIST_FILE = YES;
				MARKETING_VERSION = 1.0;
				PRODUCT_BUNDLE_IDENTIFIER = AO.ShotSmartsUITests;
				PRODUCT_NAME = "$(TARGET_NAME)";
				SWIFT_EMIT_LOC_STRINGS = NO;
				SWIFT_VERSION = 5.0;
				TARGETED_DEVICE_FAMILY = "1,2";
				TEST_TARGET_NAME = ShotSmarts;
			};
			name = Release;
		};
/* End XCBuildConfiguration section */

/* Begin XCConfigurationList section */
		312E0E4F2D9037F7008C551C /* Build configuration list for PBXProject "ShotSmarts" */ = {
			isa = XCConfigurationList;
			buildConfigurations = (
				312E0E762D9037F7008C551C /* Debug */,
				312E0E772D9037F7008C551C /* Release */,
			);
			defaultConfigurationIsVisible = 0;
			defaultConfigurationName = Release;
		};
		312E0E782D9037F7008C551C /* Build configuration list for PBXNativeTarget "ShotSmarts" */ = {
			isa = XCConfigurationList;
			buildConfigurations = (
				312E0E792D9037F7008C551C /* Debug */,
				312E0E7A2D9037F7008C551C /* Release */,
			);
			defaultConfigurationIsVisible = 0;
			defaultConfigurationName = Release;
		};
		312E0E7B2D9037F7008C551C /* Build configuration list for PBXNativeTarget "ShotSmartsTests" */ = {
			isa = XCConfigurationList;
			buildConfigurations = (
				312E0E7C2D9037F7008C551C /* Debug */,
				312E0E7D2D9037F7008C551C /* Release */,
			);
			defaultConfigurationIsVisible = 0;
			defaultConfigurationName = Release;
		};
		312E0E7E2D9037F7008C551C /* Build configuration list for PBXNativeTarget "ShotSmartsUITests" */ = {
			isa = XCConfigurationList;
			buildConfigurations = (
				312E0E7F2D9037F7008C551C /* Debug */,
				312E0E802D9037F7008C551C /* Release */,
			);
			defaultConfigurationIsVisible = 0;
			defaultConfigurationName = Release;
		};
/* End XCConfigurationList section */
	};
	rootObject = 312E0E4C2D9037F7008C551C /* Project object */;
}
